// !$*UTF8*$!
{
	archiveVersion = 1;
	classes = {
	};
	objectVersion = 77;
	objects = {

/* Begin PBXBuildFile section */
		C50F0DA12F0BB00D00E167B9 /* GoogleSignIn in Frameworks */ = {isa = PBXBuildFile; productRef = C50F0DA02F0BB00D00E167B9 /* GoogleSignIn */; };
		C50F0DA32F0BB00D00E167B9 /* GoogleSignInSwift in Frameworks */ = {isa = PBXBuildFile; productRef = C50F0DA22F0BB00D00E167B9 /* GoogleSignInSwift */; };
/* End PBXBuildFile section */

/* Begin PBXContainerItemProxy section */
		C521D7D62F0BA1AE000AF3F5 /* PBXContainerItemProxy */ = {
			isa = PBXContainerItemProxy;
			containerPortal = C521D7C02F0BA1AD000AF3F5 /* Project object */;
			proxyType = 1;
			remoteGlobalIDString = C521D7C72F0BA1AD000AF3F5;
			remoteInfo = Monios;
		};
		C521D7E02F0BA1AE000AF3F5 /* PBXContainerItemProxy */ = {
			isa = PBXContainerItemProxy;
			containerPortal = C521D7C02F0BA1AD000AF3F5 /* Project object */;
			proxyType = 1;
			remoteGlobalIDString = C521D7C72F0BA1AD000AF3F5;
			remoteInfo = Monios;
		};
/* End PBXContainerItemProxy section */

/* Begin PBXFileReference section */
		C521D7C82F0BA1AD000AF3F5 /* Monios.app */ = {isa = PBXFileReference; explicitFileType = wrapper.application; includeInIndex = 0; path = Monios.app; sourceTree = BUILT_PRODUCTS_DIR; };
		C521D7D52F0BA1AE000AF3F5 /* MoniosTests.xctest */ = {isa = PBXFileReference; explicitFileType = wrapper.cfbundle; includeInIndex = 0; path = MoniosTests.xctest; sourceTree = BUILT_PRODUCTS_DIR; };
		C521D7DF2F0BA1AE000AF3F5 /* MoniosUITests.xctest */ = {isa = PBXFileReference; explicitFileType = wrapper.cfbundle; includeInIndex = 0; path = MoniosUITests.xctest; sourceTree = BUILT_PRODUCTS_DIR; };
/* End PBXFileReference section */

/* Begin PBXFileSystemSynchronizedBuildFileExceptionSet section */
		C50F0D9D2F0BAD6300E167B9 /* Exceptions for "Monios" folder in "Monios" target */ = {
			isa = PBXFileSystemSynchronizedBuildFileExceptionSet;
			membershipExceptions = (
				Info.plist,
			);
			target = C521D7C72F0BA1AD000AF3F5 /* Monios */;
		};
/* End PBXFileSystemSynchronizedBuildFileExceptionSet section */

/* Begin PBXFileSystemSynchronizedRootGroup section */
		C521D7CA2F0BA1AD000AF3F5 /* Monios */ = {
			isa = PBXFileSystemSynchronizedRootGroup;
			exceptions = (
				C50F0D9D2F0BAD6300E167B9 /* Exceptions for "Monios" folder in "Monios" target */,
			);
			path = Monios;
			sourceTree = "<group>";
		};
		C521D7D82F0BA1AE000AF3F5 /* MoniosTests */ = {
			isa = PBXFileSystemSynchronizedRootGroup;
			path = MoniosTests;
			sourceTree = "<group>";
		};
		C521D7E22F0BA1AE000AF3F5 /* MoniosUITests */ = {
			isa = PBXFileSystemSynchronizedRootGroup;
			path = MoniosUITests;
			sourceTree = "<group>";
		};
/* End PBXFileSystemSynchronizedRootGroup section */

/* Begin PBXFrameworksBuildPhase section */
		C521D7C52F0BA1AD000AF3F5 /* Frameworks */ = {
			isa = PBXFrameworksBuildPhase;
			buildActionMask = 2147483647;
			files = (
				C50F0DA12F0BB00D00E167B9 /* GoogleSignIn in Frameworks */,
				C50F0DA32F0BB00D00E167B9 /* GoogleSignInSwift in Frameworks */,
			);
			runOnlyForDeploymentPostprocessing = 0;
		};
		C521D7D22F0BA1AE000AF3F5 /* Frameworks */ = {
			isa = PBXFrameworksBuildPhase;
			buildActionMask = 2147483647;
			files = (
			);
			runOnlyForDeploymentPostprocessing = 0;
		};
		C521D7DC2F0BA1AE000AF3F5 /* Frameworks */ = {
			isa = PBXFrameworksBuildPhase;
			buildActionMask = 2147483647;
			files = (
			);
			runOnlyForDeploymentPostprocessing = 0;
		};
/* End PBXFrameworksBuildPhase section */

/* Begin PBXGroup section */
		C50F0D9F2F0BB00D00E167B9 /* Frameworks */ = {
			isa = PBXGroup;
			children = (
			);
			name = Frameworks;
			sourceTree = "<group>";
		};
		C521D7BF2F0BA1AD000AF3F5 = {
			isa = PBXGroup;
			children = (
				C521D7CA2F0BA1AD000AF3F5 /* Monios */,
				C521D7D82F0BA1AE000AF3F5 /* MoniosTests */,
				C521D7E22F0BA1AE000AF3F5 /* MoniosUITests */,
				C50F0D9F2F0BB00D00E167B9 /* Frameworks */,
				C521D7C92F0BA1AD000AF3F5 /* Products */,
			);
			sourceTree = "<group>";
		};
		C521D7C92F0BA1AD000AF3F5 /* Products */ = {
			isa = PBXGroup;
			children = (
				C521D7C82F0BA1AD000AF3F5 /* Monios.app */,
				C521D7D52F0BA1AE000AF3F5 /* MoniosTests.xctest */,
				C521D7DF2F0BA1AE000AF3F5 /* MoniosUITests.xctest */,
			);
			name = Products;
			sourceTree = "<group>";
		};
/* End PBXGroup section */

/* Begin PBXNativeTarget section */
		C521D7C72F0BA1AD000AF3F5 /* Monios */ = {
			isa = PBXNativeTarget;
			buildConfigurationList = C521D7E92F0BA1AE000AF3F5 /* Build configuration list for PBXNativeTarget "Monios" */;
			buildPhases = (
				C521D7C42F0BA1AD000AF3F5 /* Sources */,
				C521D7C52F0BA1AD000AF3F5 /* Frameworks */,
				C521D7C62F0BA1AD000AF3F5 /* Resources */,
			);
			buildRules = (
			);
			dependencies = (
			);
			fileSystemSynchronizedGroups = (
				C521D7CA2F0BA1AD000AF3F5 /* Monios */,
			);
			name = Monios;
			packageProductDependencies = (
				C50F0DA02F0BB00D00E167B9 /* GoogleSignIn */,
				C50F0DA22F0BB00D00E167B9 /* GoogleSignInSwift */,
			);
			productName = Monios;
			productReference = C521D7C82F0BA1AD000AF3F5 /* Monios.app */;
			productType = "com.apple.product-type.application";
		};
		C521D7D42F0BA1AE000AF3F5 /* MoniosTests */ = {
			isa = PBXNativeTarget;
			buildConfigurationList = C521D7EC2F0BA1AE000AF3F5 /* Build configuration list for PBXNativeTarget "MoniosTests" */;
			buildPhases = (
				C521D7D12F0BA1AE000AF3F5 /* Sources */,
				C521D7D22F0BA1AE000AF3F5 /* Frameworks */,
				C521D7D32F0BA1AE000AF3F5 /* Resources */,
			);
			buildRules = (
			);
			dependencies = (
				C521D7D72F0BA1AE000AF3F5 /* PBXTargetDependency */,
			);
			fileSystemSynchronizedGroups = (
				C521D7D82F0BA1AE000AF3F5 /* MoniosTests */,
			);
			name = MoniosTests;
			packageProductDependencies = (
			);
			productName = MoniosTests;
			productReference = C521D7D52F0BA1AE000AF3F5 /* MoniosTests.xctest */;
			productType = "com.apple.product-type.bundle.unit-test";
		};
		C521D7DE2F0BA1AE000AF3F5 /* MoniosUITests */ = {
			isa = PBXNativeTarget;
			buildConfigurationList = C521D7EF2F0BA1AE000AF3F5 /* Build configuration list for PBXNativeTarget "MoniosUITests" */;
			buildPhases = (
				C521D7DB2F0BA1AE000AF3F5 /* Sources */,
				C521D7DC2F0BA1AE000AF3F5 /* Frameworks */,
				C521D7DD2F0BA1AE000AF3F5 /* Resources */,
			);
			buildRules = (
			);
			dependencies = (
				C521D7E12F0BA1AE000AF3F5 /* PBXTargetDependency */,
			);
			fileSystemSynchronizedGroups = (
				C521D7E22F0BA1AE000AF3F5 /* MoniosUITests */,
			);
			name = MoniosUITests;
			packageProductDependencies = (
			);
			productName = MoniosUITests;
			productReference = C521D7DF2F0BA1AE000AF3F5 /* MoniosUITests.xctest */;
			productType = "com.apple.product-type.bundle.ui-testing";
		};
/* End PBXNativeTarget section */

/* Begin PBXProject section */
		C521D7C02F0BA1AD000AF3F5 /* Project object */ = {
			isa = PBXProject;
			attributes = {
				BuildIndependentTargetsInParallel = 1;
				LastSwiftUpdateCheck = 1640;
				LastUpgradeCheck = 1640;
				TargetAttributes = {
					C521D7C72F0BA1AD000AF3F5 = {
						CreatedOnToolsVersion = 16.4;
					};
					C521D7D42F0BA1AE000AF3F5 = {
						CreatedOnToolsVersion = 16.4;
						TestTargetID = C521D7C72F0BA1AD000AF3F5;
					};
					C521D7DE2F0BA1AE000AF3F5 = {
						CreatedOnToolsVersion = 16.4;
						TestTargetID = C521D7C72F0BA1AD000AF3F5;
					};
				};
			};
			buildConfigurationList = C521D7C32F0BA1AD000AF3F5 /* Build configuration list for PBXProject "Monios" */;
			developmentRegion = en;
			hasScannedForEncodings = 0;
			knownRegions = (
				en,
				Base,
			);
			mainGroup = C521D7BF2F0BA1AD000AF3F5;
			minimizedProjectReferenceProxies = 1;
			packageReferences = (
				C50F0D9E2F0BADD700E167B9 /* XCRemoteSwiftPackageReference "GoogleSignIn-iOS" */,
			);
			preferredProjectObjectVersion = 77;
			productRefGroup = C521D7C92F0BA1AD000AF3F5 /* Products */;
			projectDirPath = "";
			projectRoot = "";
			targets = (
				C521D7C72F0BA1AD000AF3F5 /* Monios */,
				C521D7D42F0BA1AE000AF3F5 /* MoniosTests */,
				C521D7DE2F0BA1AE000AF3F5 /* MoniosUITests */,
			);
		};
/* End PBXProject section */

/* Begin PBXResourcesBuildPhase section */
		C521D7C62F0BA1AD000AF3F5 /* Resources */ = {
			isa = PBXResourcesBuildPhase;
			buildActionMask = 2147483647;
			files = (
			);
			runOnlyForDeploymentPostprocessing = 0;
		};
		C521D7D32F0BA1AE000AF3F5 /* Resources */ = {
			isa = PBXResourcesBuildPhase;
			buildActionMask = 2147483647;
			files = (
			);
			runOnlyForDeploymentPostprocessing = 0;
		};
		C521D7DD2F0BA1AE000AF3F5 /* Resources */ = {
			isa = PBXResourcesBuildPhase;
			buildActionMask = 2147483647;
			files = (
			);
			runOnlyForDeploymentPostprocessing = 0;
		};
/* End PBXResourcesBuildPhase section */

/* Begin PBXSourcesBuildPhase section */
		C521D7C42F0BA1AD000AF3F5 /* Sources */ = {
			isa = PBXSourcesBuildPhase;
			buildActionMask = 2147483647;
			files = (
			);
			runOnlyForDeploymentPostprocessing = 0;
		};
		C521D7D12F0BA1AE000AF3F5 /* Sources */ = {
			isa = PBXSourcesBuildPhase;
			buildActionMask = 2147483647;
			files = (
			);
			runOnlyForDeploymentPostprocessing = 0;
		};
		C521D7DB2F0BA1AE000AF3F5 /* Sources */ = {
			isa = PBXSourcesBuildPhase;
			buildActionMask = 2147483647;
			files = (
			);
			runOnlyForDeploymentPostprocessing = 0;
		};
/* End PBXSourcesBuildPhase section */

/* Begin PBXTargetDependency section */
		C521D7D72F0BA1AE000AF3F5 /* PBXTargetDependency */ = {
			isa = PBXTargetDependency;
			target = C521D7C72F0BA1AD000AF3F5 /* Monios */;
			targetProxy = C521D7D62F0BA1AE000AF3F5 /* PBXContainerItemProxy */;
		};
		C521D7E12F0BA1AE000AF3F5 /* PBXTargetDependency */ = {
			isa = PBXTargetDependency;
			target = C521D7C72F0BA1AD000AF3F5 /* Monios */;
			targetProxy = C521D7E02F0BA1AE000AF3F5 /* PBXContainerItemProxy */;
		};
/* End PBXTargetDependency section */

/* Begin XCBuildConfiguration section */
		C521D7E72F0BA1AE000AF3F5 /* Debug */ = {
			isa = XCBuildConfiguration;
			buildSettings = {
				ALWAYS_SEARCH_USER_PATHS = NO;
				ASSETCATALOG_COMPILER_GENERATE_SWIFT_ASSET_SYMBOL_EXTENSIONS = YES;
				CLANG_ANALYZER_NONNULL = YES;
				CLANG_ANALYZER_NUMBER_OBJECT_CONVERSION = YES_AGGRESSIVE;
				CLANG_CXX_LANGUAGE_STANDARD = "gnu++20";
				CLANG_ENABLE_MODULES = YES;
				CLANG_ENABLE_OBJC_ARC = YES;
				CLANG_ENABLE_OBJC_WEAK = YES;
				CLANG_WARN_BLOCK_CAPTURE_AUTORELEASING = YES;
				CLANG_WARN_BOOL_CONVERSION = YES;
				CLANG_WARN_COMMA = YES;
				CLANG_WARN_CONSTANT_CONVERSION = YES;
				CLANG_WARN_DEPRECATED_OBJC_IMPLEMENTATIONS = YES;
				CLANG_WARN_DIRECT_OBJC_ISA_USAGE = YES_ERROR;
				CLANG_WARN_DOCUMENTATION_COMMENTS = YES;
				CLANG_WARN_EMPTY_BODY = YES;
				CLANG_WARN_ENUM_CONVERSION = YES;
				CLANG_WARN_INFINITE_RECURSION = YES;
				CLANG_WARN_INT_CONVERSION = YES;
				CLANG_WARN_NON_LITERAL_NULL_CONVERSION = YES;
				CLANG_WARN_OBJC_IMPLICIT_RETAIN_SELF = YES;
				CLANG_WARN_OBJC_LITERAL_CONVERSION = YES;
				CLANG_WARN_OBJC_ROOT_CLASS = YES_ERROR;
				CLANG_WARN_QUOTED_INCLUDE_IN_FRAMEWORK_HEADER = YES;
				CLANG_WARN_RANGE_LOOP_ANALYSIS = YES;
				CLANG_WARN_STRICT_PROTOTYPES = YES;
				CLANG_WARN_SUSPICIOUS_MOVE = YES;
				CLANG_WARN_UNGUARDED_AVAILABILITY = YES_AGGRESSIVE;
				CLANG_WARN_UNREACHABLE_CODE = YES;
				CLANG_WARN__DUPLICATE_METHOD_MATCH = YES;
				COPY_PHASE_STRIP = NO;
				DEBUG_INFORMATION_FORMAT = dwarf;
				DEVELOPMENT_TEAM = 8B9YURJS4G;
				ENABLE_STRICT_OBJC_MSGSEND = YES;
				ENABLE_TESTABILITY = YES;
				ENABLE_USER_SCRIPT_SANDBOXING = YES;
				GCC_C_LANGUAGE_STANDARD = gnu17;
				GCC_DYNAMIC_NO_PIC = NO;
				GCC_NO_COMMON_BLOCKS = YES;
				GCC_OPTIMIZATION_LEVEL = 0;
				GCC_PREPROCESSOR_DEFINITIONS = (
					"DEBUG=1",
					"$(inherited)",
				);
				GCC_WARN_64_TO_32_BIT_CONVERSION = YES;
				GCC_WARN_ABOUT_RETURN_TYPE = YES_ERROR;
				GCC_WARN_UNDECLARED_SELECTOR = YES;
				GCC_WARN_UNINITIALIZED_AUTOS = YES_AGGRESSIVE;
				GCC_WARN_UNUSED_FUNCTION = YES;
				GCC_WARN_UNUSED_VARIABLE = YES;
				IPHONEOS_DEPLOYMENT_TARGET = 18.5;
				LOCALIZATION_PREFERS_STRING_CATALOGS = YES;
				MTL_ENABLE_DEBUG_INFO = INCLUDE_SOURCE;
				MTL_FAST_MATH = YES;
				ONLY_ACTIVE_ARCH = YES;
				SDKROOT = iphoneos;
				SWIFT_ACTIVE_COMPILATION_CONDITIONS = "DEBUG $(inherited)";
				SWIFT_OPTIMIZATION_LEVEL = "-Onone";
			};
			name = Debug;
		};
		C521D7E82F0BA1AE000AF3F5 /* Release */ = {
			isa = XCBuildConfiguration;
			buildSettings = {
				ALWAYS_SEARCH_USER_PATHS = NO;
				ASSETCATALOG_COMPILER_GENERATE_SWIFT_ASSET_SYMBOL_EXTENSIONS = YES;
				CLANG_ANALYZER_NONNULL = YES;
				CLANG_ANALYZER_NUMBER_OBJECT_CONVERSION = YES_AGGRESSIVE;
				CLANG_CXX_LANGUAGE_STANDARD = "gnu++20";
				CLANG_ENABLE_MODULES = YES;
				CLANG_ENABLE_OBJC_ARC = YES;
				CLANG_ENABLE_OBJC_WEAK = YES;
				CLANG_WARN_BLOCK_CAPTURE_AUTORELEASING = YES;
				CLANG_WARN_BOOL_CONVERSION = YES;
				CLANG_WARN_COMMA = YES;
				CLANG_WARN_CONSTANT_CONVERSION = YES;
				CLANG_WARN_DEPRECATED_OBJC_IMPLEMENTATIONS = YES;
				CLANG_WARN_DIRECT_OBJC_ISA_USAGE = YES_ERROR;
				CLANG_WARN_DOCUMENTATION_COMMENTS = YES;
				CLANG_WARN_EMPTY_BODY = YES;
				CLANG_WARN_ENUM_CONVERSION = YES;
				CLANG_WARN_INFINITE_RECURSION = YES;
				CLANG_WARN_INT_CONVERSION = YES;
				CLANG_WARN_NON_LITERAL_NULL_CONVERSION = YES;
				CLANG_WARN_OBJC_IMPLICIT_RETAIN_SELF = YES;
				CLANG_WARN_OBJC_LITERAL_CONVERSION = YES;
				CLANG_WARN_OBJC_ROOT_CLASS = YES_ERROR;
				CLANG_WARN_QUOTED_INCLUDE_IN_FRAMEWORK_HEADER = YES;
				CLANG_WARN_RANGE_LOOP_ANALYSIS = YES;
				CLANG_WARN_STRICT_PROTOTYPES = YES;
				CLANG_WARN_SUSPICIOUS_MOVE = YES;
				CLANG_WARN_UNGUARDED_AVAILABILITY = YES_AGGRESSIVE;
				CLANG_WARN_UNREACHABLE_CODE = YES;
				CLANG_WARN__DUPLICATE_METHOD_MATCH = YES;
				COPY_PHASE_STRIP = NO;
				DEBUG_INFORMATION_FORMAT = "dwarf-with-dsym";
				DEVELOPMENT_TEAM = 8B9YURJS4G;
				ENABLE_NS_ASSERTIONS = NO;
				ENABLE_STRICT_OBJC_MSGSEND = YES;
				ENABLE_USER_SCRIPT_SANDBOXING = YES;
				GCC_C_LANGUAGE_STANDARD = gnu17;
				GCC_NO_COMMON_BLOCKS = YES;
				GCC_WARN_64_TO_32_BIT_CONVERSION = YES;
				GCC_WARN_ABOUT_RETURN_TYPE = YES_ERROR;
				GCC_WARN_UNDECLARED_SELECTOR = YES;
				GCC_WARN_UNINITIALIZED_AUTOS = YES_AGGRESSIVE;
				GCC_WARN_UNUSED_FUNCTION = YES;
				GCC_WARN_UNUSED_VARIABLE = YES;
				IPHONEOS_DEPLOYMENT_TARGET = 18.5;
				LOCALIZATION_PREFERS_STRING_CATALOGS = YES;
				MTL_ENABLE_DEBUG_INFO = NO;
				MTL_FAST_MATH = YES;
				SDKROOT = iphoneos;
				SWIFT_COMPILATION_MODE = wholemodule;
				VALIDATE_PRODUCT = YES;
			};
			name = Release;
		};
		C521D7EA2F0BA1AE000AF3F5 /* Debug */ = {
			isa = XCBuildConfiguration;
			buildSettings = {
				ASSETCATALOG_COMPILER_APPICON_NAME = AppIcon;
				ASSETCATALOG_COMPILER_GLOBAL_ACCENT_COLOR_NAME = AccentColor;
				CODE_SIGN_STYLE = Automatic;
				CURRENT_PROJECT_VERSION = 1;
				DEVELOPMENT_TEAM = 8B9YURJS4G;
				ENABLE_PREVIEWS = YES;
				GENERATE_INFOPLIST_FILE = YES;
				INFOPLIST_FILE = Monios/Info.plist;
				INFOPLIST_KEY_UIApplicationSceneManifest_Generation = YES;
				INFOPLIST_KEY_UIApplicationSupportsIndirectInputEvents = YES;
				INFOPLIST_KEY_UILaunchScreen_Generation = YES;
				INFOPLIST_KEY_UISupportedInterfaceOrientations_iPad = "UIInterfaceOrientationPortrait UIInterfaceOrientationPortraitUpsideDown UIInterfaceOrientationLandscapeLeft UIInterfaceOrientationLandscapeRight";
				INFOPLIST_KEY_UISupportedInterfaceOrientations_iPhone = "UIInterfaceOrientationPortrait UIInterfaceOrientationLandscapeLeft UIInterfaceOrientationLandscapeRight";
				IPHONEOS_DEPLOYMENT_TARGET = 17.6;
				LD_RUNPATH_SEARCH_PATHS = (
					"$(inherited)",
					"@executable_path/Frameworks",
				);
				MARKETING_VERSION = 1.0;
				PRODUCT_BUNDLE_IDENTIFIER = swair.Monios;
				PRODUCT_NAME = "$(TARGET_NAME)";
				SWIFT_EMIT_LOC_STRINGS = YES;
				SWIFT_VERSION = 5.0;
				TARGETED_DEVICE_FAMILY = "1,2";
			};
			name = Debug;
		};
		C521D7EB2F0BA1AE000AF3F5 /* Release */ = {
			isa = XCBuildConfiguration;
			buildSettings = {
				ASSETCATALOG_COMPILER_APPICON_NAME = AppIcon;
				ASSETCATALOG_COMPILER_GLOBAL_ACCENT_COLOR_NAME = AccentColor;
				CODE_SIGN_STYLE = Automatic;
				CURRENT_PROJECT_VERSION = 1;
				DEVELOPMENT_TEAM = 8B9YURJS4G;
				ENABLE_PREVIEWS = YES;
				GENERATE_INFOPLIST_FILE = YES;
				INFOPLIST_FILE = Monios/Info.plist;
				INFOPLIST_KEY_UIApplicationSceneManifest_Generation = YES;
				INFOPLIST_KEY_UIApplicationSupportsIndirectInputEvents = YES;
				INFOPLIST_KEY_UILaunchScreen_Generation = YES;
				INFOPLIST_KEY_UISupportedInterfaceOrientations_iPad = "UIInterfaceOrientationPortrait UIInterfaceOrientationPortraitUpsideDown UIInterfaceOrientationLandscapeLeft UIInterfaceOrientationLandscapeRight";
				INFOPLIST_KEY_UISupportedInterfaceOrientations_iPhone = "UIInterfaceOrientationPortrait UIInterfaceOrientationLandscapeLeft UIInterfaceOrientationLandscapeRight";
				IPHONEOS_DEPLOYMENT_TARGET = 17.6;
				LD_RUNPATH_SEARCH_PATHS = (
					"$(inherited)",
					"@executable_path/Frameworks",
				);
				MARKETING_VERSION = 1.0;
				PRODUCT_BUNDLE_IDENTIFIER = swair.Monios;
				PRODUCT_NAME = "$(TARGET_NAME)";
				SWIFT_EMIT_LOC_STRINGS = YES;
				SWIFT_VERSION = 5.0;
				TARGETED_DEVICE_FAMILY = "1,2";
			};
			name = Release;
		};
		C521D7ED2F0BA1AE000AF3F5 /* Debug */ = {
			isa = XCBuildConfiguration;
			buildSettings = {
				BUNDLE_LOADER = "$(TEST_HOST)";
				CODE_SIGN_STYLE = Automatic;
				CURRENT_PROJECT_VERSION = 1;
				DEVELOPMENT_TEAM = 8B9YURJS4G;
				GENERATE_INFOPLIST_FILE = YES;
				IPHONEOS_DEPLOYMENT_TARGET = 18.5;
				MARKETING_VERSION = 1.0;
				PRODUCT_BUNDLE_IDENTIFIER = swair.MoniosTests;
				PRODUCT_NAME = "$(TARGET_NAME)";
				SWIFT_EMIT_LOC_STRINGS = NO;
				SWIFT_VERSION = 5.0;
				TARGETED_DEVICE_FAMILY = "1,2";
				TEST_HOST = "$(BUILT_PRODUCTS_DIR)/Monios.app/$(BUNDLE_EXECUTABLE_FOLDER_PATH)/Monios";
			};
			name = Debug;
		};
		C521D7EE2F0BA1AE000AF3F5 /* Release */ = {
			isa = XCBuildConfiguration;
			buildSettings = {
				BUNDLE_LOADER = "$(TEST_HOST)";
				CODE_SIGN_STYLE = Automatic;
				CURRENT_PROJECT_VERSION = 1;
				DEVELOPMENT_TEAM = 8B9YURJS4G;
				GENERATE_INFOPLIST_FILE = YES;
				IPHONEOS_DEPLOYMENT_TARGET = 18.5;
				MARKETING_VERSION = 1.0;
				PRODUCT_BUNDLE_IDENTIFIER = swair.MoniosTests;
				PRODUCT_NAME = "$(TARGET_NAME)";
				SWIFT_EMIT_LOC_STRINGS = NO;
				SWIFT_VERSION = 5.0;
				TARGETED_DEVICE_FAMILY = "1,2";
				TEST_HOST = "$(BUILT_PRODUCTS_DIR)/Monios.app/$(BUNDLE_EXECUTABLE_FOLDER_PATH)/Monios";
			};
			name = Release;
		};
		C521D7F02F0BA1AE000AF3F5 /* Debug */ = {
			isa = XCBuildConfiguration;
			buildSettings = {
				CODE_SIGN_STYLE = Automatic;
				CURRENT_PROJECT_VERSION = 1;
				DEVELOPMENT_TEAM = 8B9YURJS4G;
				GENERATE_INFOPLIST_FILE = YES;
				MARKETING_VERSION = 1.0;
				PRODUCT_BUNDLE_IDENTIFIER = swair.MoniosUITests;
				PRODUCT_NAME = "$(TARGET_NAME)";
				SWIFT_EMIT_LOC_STRINGS = NO;
				SWIFT_VERSION = 5.0;
				TARGETED_DEVICE_FAMILY = "1,2";
				TEST_TARGET_NAME = Monios;
			};
			name = Debug;
		};
		C521D7F12F0BA1AE000AF3F5 /* Release */ = {
			isa = XCBuildConfiguration;
			buildSettings = {
				CODE_SIGN_STYLE = Automatic;
				CURRENT_PROJECT_VERSION = 1;
				DEVELOPMENT_TEAM = 8B9YURJS4G;
				GENERATE_INFOPLIST_FILE = YES;
				MARKETING_VERSION = 1.0;
				PRODUCT_BUNDLE_IDENTIFIER = swair.MoniosUITests;
				PRODUCT_NAME = "$(TARGET_NAME)";
				SWIFT_EMIT_LOC_STRINGS = NO;
				SWIFT_VERSION = 5.0;
				TARGETED_DEVICE_FAMILY = "1,2";
				TEST_TARGET_NAME = Monios;
			};
			name = Release;
		};
/* End XCBuildConfiguration section */

/* Begin XCConfigurationList section */
		C521D7C32F0BA1AD000AF3F5 /* Build configuration list for PBXProject "Monios" */ = {
			isa = XCConfigurationList;
			buildConfigurations = (
				C521D7E72F0BA1AE000AF3F5 /* Debug */,
				C521D7E82F0BA1AE000AF3F5 /* Release */,
			);
			defaultConfigurationIsVisible = 0;
			defaultConfigurationName = Release;
		};
		C521D7E92F0BA1AE000AF3F5 /* Build configuration list for PBXNativeTarget "Monios" */ = {
			isa = XCConfigurationList;
			buildConfigurations = (
				C521D7EA2F0BA1AE000AF3F5 /* Debug */,
				C521D7EB2F0BA1AE000AF3F5 /* Release */,
			);
			defaultConfigurationIsVisible = 0;
			defaultConfigurationName = Release;
		};
		C521D7EC2F0BA1AE000AF3F5 /* Build configuration list for PBXNativeTarget "MoniosTests" */ = {
			isa = XCConfigurationList;
			buildConfigurations = (
				C521D7ED2F0BA1AE000AF3F5 /* Debug */,
				C521D7EE2F0BA1AE000AF3F5 /* Release */,
			);
			defaultConfigurationIsVisible = 0;
			defaultConfigurationName = Release;
		};
		C521D7EF2F0BA1AE000AF3F5 /* Build configuration list for PBXNativeTarget "MoniosUITests" */ = {
			isa = XCConfigurationList;
			buildConfigurations = (
				C521D7F02F0BA1AE000AF3F5 /* Debug */,
				C521D7F12F0BA1AE000AF3F5 /* Release */,
			);
			defaultConfigurationIsVisible = 0;
			defaultConfigurationName = Release;
		};
/* End XCConfigurationList section */

/* Begin XCRemoteSwiftPackageReference section */
		C50F0D9E2F0BADD700E167B9 /* XCRemoteSwiftPackageReference "GoogleSignIn-iOS" */ = {
			isa = XCRemoteSwiftPackageReference;
			repositoryURL = "https://github.com/google/GoogleSignIn-iOS";
			requirement = {
				kind = upToNextMajorVersion;
				minimumVersion = 9.0.0;
			};
		};
/* End XCRemoteSwiftPackageReference section */

/* Begin XCSwiftPackageProductDependency section */
		C50F0DA02F0BB00D00E167B9 /* GoogleSignIn */ = {
			isa = XCSwiftPackageProductDependency;
			package = C50F0D9E2F0BADD700E167B9 /* XCRemoteSwiftPackageReference "GoogleSignIn-iOS" */;
			productName = GoogleSignIn;
		};
		C50F0DA22F0BB00D00E167B9 /* GoogleSignInSwift */ = {
			isa = XCSwiftPackageProductDependency;
			package = C50F0D9E2F0BADD700E167B9 /* XCRemoteSwiftPackageReference "GoogleSignIn-iOS" */;
			productName = GoogleSignInSwift;
		};
/* End XCSwiftPackageProductDependency section */
	};
	rootObject = C521D7C02F0BA1AD000AF3F5 /* Project object */;
}
